
Microsoft Visual Studio Solution File, Format Version 12.00
# Visual Studio Version 16
VisualStudioVersion = 16.0.30804.86
MinimumVisualStudioVersion = 10.0.40219.1
Project("{FAE04EC0-301F-11D3-BF4B-00C04F79EFBC}") = "Encrypt", "Encrypt.csproj", "{4EB3BC3A-D545-4AEA-899D-9C42BCF7691B}"
EndProject
Global
	GlobalSection(SolutionConfigurationPlatforms) = preSolution
		Debug|Any CPU = Debug|Any CPU
		Release|Any CPU = Release|Any CPU
	EndGlobalSection
	GlobalSection(ProjectConfigurationPlatforms) = postSolution
		{4EB3BC3A-D545-4AEA-899D-9C42BCF7691B}.Debug|Any CPU.ActiveCfg = Debug|Any CPU
		{4EB3BC3A-D545-4AEA-899D-9C42BCF7691B}.Debug|Any CPU.Build.0 = Debug|Any CPU
		{4EB3BC3A-D545-4AEA-899D-9C42BCF7691B}.Release|Any CPU.ActiveCfg = Release|Any CPU
		{4EB3BC3A-D545-4AEA-899D-9C42BCF7691B}.Release|Any CPU.Build.0 = Release|Any CPU
	EndGlobalSection
	GlobalSection(SolutionProperties) = preSolution
		HideSolutionNode = FALSE
	EndGlobalSection
	GlobalSection(ExtensibilityGlobals) = postSolution
		SolutionGuid = {C015E407-BDED-4838-9761-C8E7BC416DEA}
	EndGlobalSection
EndGlobal
